// !$*UTF8*$!
{
	archiveVersion = 1;
	classes = {
	};
	objectVersion = 55;
	objects = {

/* Begin PBXBuildFile section */
		921ED3AB287ACAC600F6171F /* HexagonParameters.swift in Sources */ = {isa = PBXBuildFile; fileRef = 921ED3AA287ACAC600F6171F /* HexagonParameters.swift */; };
		921ED3AD287ACC5F00F6171F /* BadgeBackground.swift in Sources */ = {isa = PBXBuildFile; fileRef = 921ED3AC287ACC5F00F6171F /* BadgeBackground.swift */; };
		921ED3AF287AD3A900F6171F /* BadgeSymbol.swift in Sources */ = {isa = PBXBuildFile; fileRef = 921ED3AE287AD3A900F6171F /* BadgeSymbol.swift */; };
		921ED3B1287AD49E00F6171F /* RotatedBadgeSymbol.swift in Sources */ = {isa = PBXBuildFile; fileRef = 921ED3B0287AD49E00F6171F /* RotatedBadgeSymbol.swift */; };
		921ED3B3287AD53100F6171F /* Badge.swift in Sources */ = {isa = PBXBuildFile; fileRef = 921ED3B2287AD53100F6171F /* Badge.swift */; };
		928273382879855B00529CCC /* LandmarkApp.swift in Sources */ = {isa = PBXBuildFile; fileRef = 928273372879855B00529CCC /* LandmarkApp.swift */; };
		9282733A2879855B00529CCC /* ContentView.swift in Sources */ = {isa = PBXBuildFile; fileRef = 928273392879855B00529CCC /* ContentView.swift */; };
		9282733C2879855B00529CCC /* Assets.xcassets in Resources */ = {isa = PBXBuildFile; fileRef = 9282733B2879855B00529CCC /* Assets.xcassets */; };
		9282733F2879855B00529CCC /* Preview Assets.xcassets in Resources */ = {isa = PBXBuildFile; fileRef = 9282733E2879855B00529CCC /* Preview Assets.xcassets */; };
		928273492879855B00529CCC /* LandmarkTests.swift in Sources */ = {isa = PBXBuildFile; fileRef = 928273482879855B00529CCC /* LandmarkTests.swift */; };
		928273532879855B00529CCC /* LandmarkUITests.swift in Sources */ = {isa = PBXBuildFile; fileRef = 928273522879855B00529CCC /* LandmarkUITests.swift */; };
		928273552879855B00529CCC /* LandmarkUITestsLaunchTests.swift in Sources */ = {isa = PBXBuildFile; fileRef = 928273542879855B00529CCC /* LandmarkUITestsLaunchTests.swift */; };
		928273622879873700529CCC /* CircleImage.swift in Sources */ = {isa = PBXBuildFile; fileRef = 928273612879873700529CCC /* CircleImage.swift */; };
		92827364287987F700529CCC /* MapView.swift in Sources */ = {isa = PBXBuildFile; fileRef = 92827363287987F700529CCC /* MapView.swift */; };
		9282736628798A8F00529CCC /* landmarkData.json in Resources */ = {isa = PBXBuildFile; fileRef = 9282736528798A8F00529CCC /* landmarkData.json */; };
		9282736828798AB200529CCC /* Landmark.swift in Sources */ = {isa = PBXBuildFile; fileRef = 9282736728798AB100529CCC /* Landmark.swift */; };
		9282736A28798CA300529CCC /* ModelData.swift in Sources */ = {isa = PBXBuildFile; fileRef = 9282736928798CA300529CCC /* ModelData.swift */; };
		9282736F28798ECB00529CCC /* LandmarkRow.swift in Sources */ = {isa = PBXBuildFile; fileRef = 9282736E28798ECB00529CCC /* LandmarkRow.swift */; };
		928273712879946B00529CCC /* LandmarkList.swift in Sources */ = {isa = PBXBuildFile; fileRef = 928273702879946B00529CCC /* LandmarkList.swift */; };
		92827373287995DF00529CCC /* LandmarkDetail.swift in Sources */ = {isa = PBXBuildFile; fileRef = 92827372287995DF00529CCC /* LandmarkDetail.swift */; };
		928273752879A2DB00529CCC /* FavoriteButton.swift in Sources */ = {isa = PBXBuildFile; fileRef = 928273742879A2DB00529CCC /* FavoriteButton.swift */; };
/* End PBXBuildFile section */

/* Begin PBXContainerItemProxy section */
		928273452879855B00529CCC /* PBXContainerItemProxy */ = {
			isa = PBXContainerItemProxy;
			containerPortal = 9282732C2879855A00529CCC /* Project object */;
			proxyType = 1;
			remoteGlobalIDString = 928273332879855B00529CCC;
			remoteInfo = Landmark;
		};
		9282734F2879855B00529CCC /* PBXContainerItemProxy */ = {
			isa = PBXContainerItemProxy;
			containerPortal = 9282732C2879855A00529CCC /* Project object */;
			proxyType = 1;
			remoteGlobalIDString = 928273332879855B00529CCC;
			remoteInfo = Landmark;
		};
/* End PBXContainerItemProxy section */

/* Begin PBXFileReference section */
		921ED3AA287ACAC600F6171F /* HexagonParameters.swift */ = {isa = PBXFileReference; lastKnownFileType = sourcecode.swift; path = HexagonParameters.swift; sourceTree = "<group>"; };
		921ED3AC287ACC5F00F6171F /* BadgeBackground.swift */ = {isa = PBXFileReference; lastKnownFileType = sourcecode.swift; path = BadgeBackground.swift; sourceTree = "<group>"; };
		921ED3AE287AD3A900F6171F /* BadgeSymbol.swift */ = {isa = PBXFileReference; lastKnownFileType = sourcecode.swift; path = BadgeSymbol.swift; sourceTree = "<group>"; };
		921ED3B0287AD49E00F6171F /* RotatedBadgeSymbol.swift */ = {isa = PBXFileReference; lastKnownFileType = sourcecode.swift; path = RotatedBadgeSymbol.swift; sourceTree = "<group>"; };
		921ED3B2287AD53100F6171F /* Badge.swift */ = {isa = PBXFileReference; lastKnownFileType = sourcecode.swift; path = Badge.swift; sourceTree = "<group>"; };
		928273342879855B00529CCC /* Landmark.app */ = {isa = PBXFileReference; explicitFileType = wrapper.application; includeInIndex = 0; path = Landmark.app; sourceTree = BUILT_PRODUCTS_DIR; };
		928273372879855B00529CCC /* LandmarkApp.swift */ = {isa = PBXFileReference; lastKnownFileType = sourcecode.swift; path = LandmarkApp.swift; sourceTree = "<group>"; };
		928273392879855B00529CCC /* ContentView.swift */ = {isa = PBXFileReference; lastKnownFileType = sourcecode.swift; path = ContentView.swift; sourceTree = "<group>"; };
		9282733B2879855B00529CCC /* Assets.xcassets */ = {isa = PBXFileReference; lastKnownFileType = folder.assetcatalog; path = Assets.xcassets; sourceTree = "<group>"; };
		9282733E2879855B00529CCC /* Preview Assets.xcassets */ = {isa = PBXFileReference; lastKnownFileType = folder.assetcatalog; path = "Preview Assets.xcassets"; sourceTree = "<group>"; };
		928273442879855B00529CCC /* LandmarkTests.xctest */ = {isa = PBXFileReference; explicitFileType = wrapper.cfbundle; includeInIndex = 0; path = LandmarkTests.xctest; sourceTree = BUILT_PRODUCTS_DIR; };
		928273482879855B00529CCC /* LandmarkTests.swift */ = {isa = PBXFileReference; lastKnownFileType = sourcecode.swift; path = LandmarkTests.swift; sourceTree = "<group>"; };
		9282734E2879855B00529CCC /* LandmarkUITests.xctest */ = {isa = PBXFileReference; explicitFileType = wrapper.cfbundle; includeInIndex = 0; path = LandmarkUITests.xctest; sourceTree = BUILT_PRODUCTS_DIR; };
		928273522879855B00529CCC /* LandmarkUITests.swift */ = {isa = PBXFileReference; lastKnownFileType = sourcecode.swift; path = LandmarkUITests.swift; sourceTree = "<group>"; };
		928273542879855B00529CCC /* LandmarkUITestsLaunchTests.swift */ = {isa = PBXFileReference; lastKnownFileType = sourcecode.swift; path = LandmarkUITestsLaunchTests.swift; sourceTree = "<group>"; };
		928273612879873700529CCC /* CircleImage.swift */ = {isa = PBXFileReference; lastKnownFileType = sourcecode.swift; path = CircleImage.swift; sourceTree = "<group>"; };
		92827363287987F700529CCC /* MapView.swift */ = {isa = PBXFileReference; lastKnownFileType = sourcecode.swift; path = MapView.swift; sourceTree = "<group>"; };
		9282736528798A8F00529CCC /* landmarkData.json */ = {isa = PBXFileReference; fileEncoding = 4; lastKnownFileType = text.json; path = landmarkData.json; sourceTree = "<group>"; };
		9282736728798AB100529CCC /* Landmark.swift */ = {isa = PBXFileReference; lastKnownFileType = sourcecode.swift; path = Landmark.swift; sourceTree = "<group>"; };
		9282736928798CA300529CCC /* ModelData.swift */ = {isa = PBXFileReference; lastKnownFileType = sourcecode.swift; path = ModelData.swift; sourceTree = "<group>"; };
		9282736E28798ECB00529CCC /* LandmarkRow.swift */ = {isa = PBXFileReference; lastKnownFileType = sourcecode.swift; path = LandmarkRow.swift; sourceTree = "<group>"; };
		928273702879946B00529CCC /* LandmarkList.swift */ = {isa = PBXFileReference; lastKnownFileType = sourcecode.swift; path = LandmarkList.swift; sourceTree = "<group>"; };
		92827372287995DF00529CCC /* LandmarkDetail.swift */ = {isa = PBXFileReference; lastKnownFileType = sourcecode.swift; path = LandmarkDetail.swift; sourceTree = "<group>"; };
		928273742879A2DB00529CCC /* FavoriteButton.swift */ = {isa = PBXFileReference; lastKnownFileType = sourcecode.swift; path = FavoriteButton.swift; sourceTree = "<group>"; };
/* End PBXFileReference section */

/* Begin PBXFrameworksBuildPhase section */
		928273312879855B00529CCC /* Frameworks */ = {
			isa = PBXFrameworksBuildPhase;
			buildActionMask = 2147483647;
			files = (
			);
			runOnlyForDeploymentPostprocessing = 0;
		};
		928273412879855B00529CCC /* Frameworks */ = {
			isa = PBXFrameworksBuildPhase;
			buildActionMask = 2147483647;
			files = (
			);
			runOnlyForDeploymentPostprocessing = 0;
		};
		9282734B2879855B00529CCC /* Frameworks */ = {
			isa = PBXFrameworksBuildPhase;
			buildActionMask = 2147483647;
			files = (
			);
			runOnlyForDeploymentPostprocessing = 0;
		};
/* End PBXFrameworksBuildPhase section */

/* Begin PBXGroup section */
		9282732B2879855A00529CCC = {
			isa = PBXGroup;
			children = (
				928273362879855B00529CCC /* Landmark */,
				928273472879855B00529CCC /* LandmarkTests */,
				928273512879855B00529CCC /* LandmarkUITests */,
				928273352879855B00529CCC /* Products */,
			);
			sourceTree = "<group>";
		};
		928273352879855B00529CCC /* Products */ = {
			isa = PBXGroup;
			children = (
				928273342879855B00529CCC /* Landmark.app */,
				928273442879855B00529CCC /* LandmarkTests.xctest */,
				9282734E2879855B00529CCC /* LandmarkUITests.xctest */,
			);
			name = Products;
			sourceTree = "<group>";
		};
		928273362879855B00529CCC /* Landmark */ = {
			isa = PBXGroup;
			children = (
				9282736D28798E2700529CCC /* Resources */,
				9282736C28798E1300529CCC /* Model */,
				928273372879855B00529CCC /* LandmarkApp.swift */,
				9282736B28798DFA00529CCC /* Views */,
				9282733B2879855B00529CCC /* Assets.xcassets */,
				9282733D2879855B00529CCC /* Preview Content */,
				921ED3AA287ACAC600F6171F /* HexagonParameters.swift */,
			);
			path = Landmark;
			sourceTree = "<group>";
		};
		9282733D2879855B00529CCC /* Preview Content */ = {
			isa = PBXGroup;
			children = (
				9282733E2879855B00529CCC /* Preview Assets.xcassets */,
			);
			path = "Preview Content";
			sourceTree = "<group>";
		};
		928273472879855B00529CCC /* LandmarkTests */ = {
			isa = PBXGroup;
			children = (
				928273482879855B00529CCC /* LandmarkTests.swift */,
			);
			path = LandmarkTests;
			sourceTree = "<group>";
		};
		928273512879855B00529CCC /* LandmarkUITests */ = {
			isa = PBXGroup;
			children = (
				928273522879855B00529CCC /* LandmarkUITests.swift */,
				928273542879855B00529CCC /* LandmarkUITestsLaunchTests.swift */,
			);
			path = LandmarkUITests;
			sourceTree = "<group>";
		};
		9282736B28798DFA00529CCC /* Views */ = {
			isa = PBXGroup;
			children = (
				9282736E28798ECB00529CCC /* LandmarkRow.swift */,
				921ED3AE287AD3A900F6171F /* BadgeSymbol.swift */,
				921ED3B0287AD49E00F6171F /* RotatedBadgeSymbol.swift */,
				921ED3B2287AD53100F6171F /* Badge.swift */,
				928273702879946B00529CCC /* LandmarkList.swift */,
				92827372287995DF00529CCC /* LandmarkDetail.swift */,
				928273762879A3B400529CCC /* Landmarks */,
				928273392879855B00529CCC /* ContentView.swift */,
				928273772879A3C900529CCC /* Helpers */,
				921ED3AC287ACC5F00F6171F /* BadgeBackground.swift */,
			);
			path = Views;
			sourceTree = "<group>";
		};
		9282736C28798E1300529CCC /* Model */ = {
			isa = PBXGroup;
			children = (
				9282736728798AB100529CCC /* Landmark.swift */,
				9282736928798CA300529CCC /* ModelData.swift */,
			);
			path = Model;
			sourceTree = "<group>";
		};
		9282736D28798E2700529CCC /* Resources */ = {
			isa = PBXGroup;
			children = (
				9282736528798A8F00529CCC /* landmarkData.json */,
			);
			path = Resources;
			sourceTree = "<group>";
		};
		928273762879A3B400529CCC /* Landmarks */ = {
			isa = PBXGroup;
			children = (
			);
			path = Landmarks;
			sourceTree = "<group>";
		};
		928273772879A3C900529CCC /* Helpers */ = {
			isa = PBXGroup;
			children = (
				928273612879873700529CCC /* CircleImage.swift */,
				92827363287987F700529CCC /* MapView.swift */,
				928273742879A2DB00529CCC /* FavoriteButton.swift */,
			);
			path = Helpers;
			sourceTree = "<group>";
		};
/* End PBXGroup section */

/* Begin PBXNativeTarget section */
		928273332879855B00529CCC /* Landmark */ = {
			isa = PBXNativeTarget;
			buildConfigurationList = 928273582879855B00529CCC /* Build configuration list for PBXNativeTarget "Landmark" */;
			buildPhases = (
				928273302879855B00529CCC /* Sources */,
				928273312879855B00529CCC /* Frameworks */,
				928273322879855B00529CCC /* Resources */,
			);
			buildRules = (
			);
			dependencies = (
			);
			name = Landmark;
			productName = Landmark;
			productReference = 928273342879855B00529CCC /* Landmark.app */;
			productType = "com.apple.product-type.application";
		};
		928273432879855B00529CCC /* LandmarkTests */ = {
			isa = PBXNativeTarget;
			buildConfigurationList = 9282735B2879855B00529CCC /* Build configuration list for PBXNativeTarget "LandmarkTests" */;
			buildPhases = (
				928273402879855B00529CCC /* Sources */,
				928273412879855B00529CCC /* Frameworks */,
				928273422879855B00529CCC /* Resources */,
			);
			buildRules = (
			);
			dependencies = (
				928273462879855B00529CCC /* PBXTargetDependency */,
			);
			name = LandmarkTests;
			productName = LandmarkTests;
			productReference = 928273442879855B00529CCC /* LandmarkTests.xctest */;
			productType = "com.apple.product-type.bundle.unit-test";
		};
		9282734D2879855B00529CCC /* LandmarkUITests */ = {
			isa = PBXNativeTarget;
			buildConfigurationList = 9282735E2879855B00529CCC /* Build configuration list for PBXNativeTarget "LandmarkUITests" */;
			buildPhases = (
				9282734A2879855B00529CCC /* Sources */,
				9282734B2879855B00529CCC /* Frameworks */,
				9282734C2879855B00529CCC /* Resources */,
			);
			buildRules = (
			);
			dependencies = (
				928273502879855B00529CCC /* PBXTargetDependency */,
			);
			name = LandmarkUITests;
			productName = LandmarkUITests;
			productReference = 9282734E2879855B00529CCC /* LandmarkUITests.xctest */;
			productType = "com.apple.product-type.bundle.ui-testing";
		};
/* End PBXNativeTarget section */

/* Begin PBXProject section */
		9282732C2879855A00529CCC /* Project object */ = {
			isa = PBXProject;
			attributes = {
				BuildIndependentTargetsInParallel = 1;
				LastSwiftUpdateCheck = 1340;
				LastUpgradeCheck = 1340;
				TargetAttributes = {
					928273332879855B00529CCC = {
						CreatedOnToolsVersion = 13.4.1;
					};
					928273432879855B00529CCC = {
						CreatedOnToolsVersion = 13.4.1;
						TestTargetID = 928273332879855B00529CCC;
					};
					9282734D2879855B00529CCC = {
						CreatedOnToolsVersion = 13.4.1;
						TestTargetID = 928273332879855B00529CCC;
					};
				};
			};
			buildConfigurationList = 9282732F2879855A00529CCC /* Build configuration list for PBXProject "Landmark" */;
			compatibilityVersion = "Xcode 13.0";
			developmentRegion = en;
			hasScannedForEncodings = 0;
			knownRegions = (
				en,
				Base,
			);
			mainGroup = 9282732B2879855A00529CCC;
			productRefGroup = 928273352879855B00529CCC /* Products */;
			projectDirPath = "";
			projectRoot = "";
			targets = (
				928273332879855B00529CCC /* Landmark */,
				928273432879855B00529CCC /* LandmarkTests */,
				9282734D2879855B00529CCC /* LandmarkUITests */,
			);
		};
/* End PBXProject section */

/* Begin PBXResourcesBuildPhase section */
		928273322879855B00529CCC /* Resources */ = {
			isa = PBXResourcesBuildPhase;
			buildActionMask = 2147483647;
			files = (
				9282733F2879855B00529CCC /* Preview Assets.xcassets in Resources */,
				9282733C2879855B00529CCC /* Assets.xcassets in Resources */,
				9282736628798A8F00529CCC /* landmarkData.json in Resources */,
			);
			runOnlyForDeploymentPostprocessing = 0;
		};
		928273422879855B00529CCC /* Resources */ = {
			isa = PBXResourcesBuildPhase;
			buildActionMask = 2147483647;
			files = (
			);
			runOnlyForDeploymentPostprocessing = 0;
		};
		9282734C2879855B00529CCC /* Resources */ = {
			isa = PBXResourcesBuildPhase;
			buildActionMask = 2147483647;
			files = (
			);
			runOnlyForDeploymentPostprocessing = 0;
		};
/* End PBXResourcesBuildPhase section */

/* Begin PBXSourcesBuildPhase section */
		928273302879855B00529CCC /* Sources */ = {
			isa = PBXSourcesBuildPhase;
			buildActionMask = 2147483647;
			files = (
				9282733A2879855B00529CCC /* ContentView.swift in Sources */,
				921ED3B3287AD53100F6171F /* Badge.swift in Sources */,
				92827364287987F700529CCC /* MapView.swift in Sources */,
				928273382879855B00529CCC /* LandmarkApp.swift in Sources */,
				928273752879A2DB00529CCC /* FavoriteButton.swift in Sources */,
				921ED3AB287ACAC600F6171F /* HexagonParameters.swift in Sources */,
				921ED3B1287AD49E00F6171F /* RotatedBadgeSymbol.swift in Sources */,
				921ED3AF287AD3A900F6171F /* BadgeSymbol.swift in Sources */,
				928273712879946B00529CCC /* LandmarkList.swift in Sources */,
				92827373287995DF00529CCC /* LandmarkDetail.swift in Sources */,
				921ED3AD287ACC5F00F6171F /* BadgeBackground.swift in Sources */,
				928273622879873700529CCC /* CircleImage.swift in Sources */,
				9282736828798AB200529CCC /* Landmark.swift in Sources */,
				9282736F28798ECB00529CCC /* LandmarkRow.swift in Sources */,
				9282736A28798CA300529CCC /* ModelData.swift in Sources */,
			);
			runOnlyForDeploymentPostprocessing = 0;
		};
		928273402879855B00529CCC /* Sources */ = {
			isa = PBXSourcesBuildPhase;
			buildActionMask = 2147483647;
			files = (
				928273492879855B00529CCC /* LandmarkTests.swift in Sources */,
			);
			runOnlyForDeploymentPostprocessing = 0;
		};
		9282734A2879855B00529CCC /* Sources */ = {
			isa = PBXSourcesBuildPhase;
			buildActionMask = 2147483647;
			files = (
				928273552879855B00529CCC /* LandmarkUITestsLaunchTests.swift in Sources */,
				928273532879855B00529CCC /* LandmarkUITests.swift in Sources */,
			);
			runOnlyForDeploymentPostprocessing = 0;
		};
/* End PBXSourcesBuildPhase section */

/* Begin PBXTargetDependency section */
		928273462879855B00529CCC /* PBXTargetDependency */ = {
			isa = PBXTargetDependency;
			target = 928273332879855B00529CCC /* Landmark */;
			targetProxy = 928273452879855B00529CCC /* PBXContainerItemProxy */;
		};
		928273502879855B00529CCC /* PBXTargetDependency */ = {
			isa = PBXTargetDependency;
			target = 928273332879855B00529CCC /* Landmark */;
			targetProxy = 9282734F2879855B00529CCC /* PBXContainerItemProxy */;
		};
/* End PBXTargetDependency section */

/* Begin XCBuildConfiguration section */
		928273562879855B00529CCC /* Debug */ = {
			isa = XCBuildConfiguration;
			buildSettings = {
				ALWAYS_SEARCH_USER_PATHS = NO;
				CLANG_ANALYZER_NONNULL = YES;
				CLANG_ANALYZER_NUMBER_OBJECT_CONVERSION = YES_AGGRESSIVE;
				CLANG_CXX_LANGUAGE_STANDARD = "gnu++17";
				CLANG_ENABLE_MODULES = YES;
				CLANG_ENABLE_OBJC_ARC = YES;
				CLANG_ENABLE_OBJC_WEAK = YES;
				CLANG_WARN_BLOCK_CAPTURE_AUTORELEASING = YES;
				CLANG_WARN_BOOL_CONVERSION = YES;
				CLANG_WARN_COMMA = YES;
				CLANG_WARN_CONSTANT_CONVERSION = YES;
				CLANG_WARN_DEPRECATED_OBJC_IMPLEMENTATIONS = YES;
				CLANG_WARN_DIRECT_OBJC_ISA_USAGE = YES_ERROR;
				CLANG_WARN_DOCUMENTATION_COMMENTS = YES;
				CLANG_WARN_EMPTY_BODY = YES;
				CLANG_WARN_ENUM_CONVERSION = YES;
				CLANG_WARN_INFINITE_RECURSION = YES;
				CLANG_WARN_INT_CONVERSION = YES;
				CLANG_WARN_NON_LITERAL_NULL_CONVERSION = YES;
				CLANG_WARN_OBJC_IMPLICIT_RETAIN_SELF = YES;
				CLANG_WARN_OBJC_LITERAL_CONVERSION = YES;
				CLANG_WARN_OBJC_ROOT_CLASS = YES_ERROR;
				CLANG_WARN_QUOTED_INCLUDE_IN_FRAMEWORK_HEADER = YES;
				CLANG_WARN_RANGE_LOOP_ANALYSIS = YES;
				CLANG_WARN_STRICT_PROTOTYPES = YES;
				CLANG_WARN_SUSPICIOUS_MOVE = YES;
				CLANG_WARN_UNGUARDED_AVAILABILITY = YES_AGGRESSIVE;
				CLANG_WARN_UNREACHABLE_CODE = YES;
				CLANG_WARN__DUPLICATE_METHOD_MATCH = YES;
				COPY_PHASE_STRIP = NO;
				DEBUG_INFORMATION_FORMAT = dwarf;
				ENABLE_STRICT_OBJC_MSGSEND = YES;
				ENABLE_TESTABILITY = YES;
				GCC_C_LANGUAGE_STANDARD = gnu11;
				GCC_DYNAMIC_NO_PIC = NO;
				GCC_NO_COMMON_BLOCKS = YES;
				GCC_OPTIMIZATION_LEVEL = 0;
				GCC_PREPROCESSOR_DEFINITIONS = (
					"DEBUG=1",
					"$(inherited)",
				);
				GCC_WARN_64_TO_32_BIT_CONVERSION = YES;
				GCC_WARN_ABOUT_RETURN_TYPE = YES_ERROR;
				GCC_WARN_UNDECLARED_SELECTOR = YES;
				GCC_WARN_UNINITIALIZED_AUTOS = YES_AGGRESSIVE;
				GCC_WARN_UNUSED_FUNCTION = YES;
				GCC_WARN_UNUSED_VARIABLE = YES;
				IPHONEOS_DEPLOYMENT_TARGET = 15.5;
				MTL_ENABLE_DEBUG_INFO = INCLUDE_SOURCE;
				MTL_FAST_MATH = YES;
				ONLY_ACTIVE_ARCH = YES;
				SDKROOT = iphoneos;
				SWIFT_ACTIVE_COMPILATION_CONDITIONS = DEBUG;
				SWIFT_OPTIMIZATION_LEVEL = "-Onone";
			};
			name = Debug;
		};
		928273572879855B00529CCC /* Release */ = {
			isa = XCBuildConfiguration;
			buildSettings = {
				ALWAYS_SEARCH_USER_PATHS = NO;
				CLANG_ANALYZER_NONNULL = YES;
				CLANG_ANALYZER_NUMBER_OBJECT_CONVERSION = YES_AGGRESSIVE;
				CLANG_CXX_LANGUAGE_STANDARD = "gnu++17";
				CLANG_ENABLE_MODULES = YES;
				CLANG_ENABLE_OBJC_ARC = YES;
				CLANG_ENABLE_OBJC_WEAK = YES;
				CLANG_WARN_BLOCK_CAPTURE_AUTORELEASING = YES;
				CLANG_WARN_BOOL_CONVERSION = YES;
				CLANG_WARN_COMMA = YES;
				CLANG_WARN_CONSTANT_CONVERSION = YES;
				CLANG_WARN_DEPRECATED_OBJC_IMPLEMENTATIONS = YES;
				CLANG_WARN_DIRECT_OBJC_ISA_USAGE = YES_ERROR;
				CLANG_WARN_DOCUMENTATION_COMMENTS = YES;
				CLANG_WARN_EMPTY_BODY = YES;
				CLANG_WARN_ENUM_CONVERSION = YES;
				CLANG_WARN_INFINITE_RECURSION = YES;
				CLANG_WARN_INT_CONVERSION = YES;
				CLANG_WARN_NON_LITERAL_NULL_CONVERSION = YES;
				CLANG_WARN_OBJC_IMPLICIT_RETAIN_SELF = YES;
				CLANG_WARN_OBJC_LITERAL_CONVERSION = YES;
				CLANG_WARN_OBJC_ROOT_CLASS = YES_ERROR;
				CLANG_WARN_QUOTED_INCLUDE_IN_FRAMEWORK_HEADER = YES;
				CLANG_WARN_RANGE_LOOP_ANALYSIS = YES;
				CLANG_WARN_STRICT_PROTOTYPES = YES;
				CLANG_WARN_SUSPICIOUS_MOVE = YES;
				CLANG_WARN_UNGUARDED_AVAILABILITY = YES_AGGRESSIVE;
				CLANG_WARN_UNREACHABLE_CODE = YES;
				CLANG_WARN__DUPLICATE_METHOD_MATCH = YES;
				COPY_PHASE_STRIP = NO;
				DEBUG_INFORMATION_FORMAT = "dwarf-with-dsym";
				ENABLE_NS_ASSERTIONS = NO;
				ENABLE_STRICT_OBJC_MSGSEND = YES;
				GCC_C_LANGUAGE_STANDARD = gnu11;
				GCC_NO_COMMON_BLOCKS = YES;
				GCC_WARN_64_TO_32_BIT_CONVERSION = YES;
				GCC_WARN_ABOUT_RETURN_TYPE = YES_ERROR;
				GCC_WARN_UNDECLARED_SELECTOR = YES;
				GCC_WARN_UNINITIALIZED_AUTOS = YES_AGGRESSIVE;
				GCC_WARN_UNUSED_FUNCTION = YES;
				GCC_WARN_UNUSED_VARIABLE = YES;
				IPHONEOS_DEPLOYMENT_TARGET = 15.5;
				MTL_ENABLE_DEBUG_INFO = NO;
				MTL_FAST_MATH = YES;
				SDKROOT = iphoneos;
				SWIFT_COMPILATION_MODE = wholemodule;
				SWIFT_OPTIMIZATION_LEVEL = "-O";
				VALIDATE_PRODUCT = YES;
			};
			name = Release;
		};
		928273592879855B00529CCC /* Debug */ = {
			isa = XCBuildConfiguration;
			buildSettings = {
				ASSETCATALOG_COMPILER_APPICON_NAME = AppIcon;
				ASSETCATALOG_COMPILER_GLOBAL_ACCENT_COLOR_NAME = AccentColor;
				CODE_SIGN_STYLE = Automatic;
				CURRENT_PROJECT_VERSION = 1;
				DEVELOPMENT_ASSET_PATHS = "\"Landmark/Preview Content\"";
				ENABLE_PREVIEWS = YES;
				GENERATE_INFOPLIST_FILE = YES;
				INFOPLIST_KEY_UIApplicationSceneManifest_Generation = YES;
				INFOPLIST_KEY_UIApplicationSupportsIndirectInputEvents = YES;
				INFOPLIST_KEY_UILaunchScreen_Generation = YES;
				INFOPLIST_KEY_UISupportedInterfaceOrientations_iPad = "UIInterfaceOrientationPortrait UIInterfaceOrientationPortraitUpsideDown UIInterfaceOrientationLandscapeLeft UIInterfaceOrientationLandscapeRight";
				INFOPLIST_KEY_UISupportedInterfaceOrientations_iPhone = "UIInterfaceOrientationPortrait UIInterfaceOrientationLandscapeLeft UIInterfaceOrientationLandscapeRight";
				LD_RUNPATH_SEARCH_PATHS = (
					"$(inherited)",
					"@executable_path/Frameworks",
				);
				MARKETING_VERSION = 1.0;
				PRODUCT_BUNDLE_IDENTIFIER = com.vikassurera.Landmark;
				PRODUCT_NAME = "$(TARGET_NAME)";
				SWIFT_EMIT_LOC_STRINGS = YES;
				SWIFT_VERSION = 5.0;
				TARGETED_DEVICE_FAMILY = "1,2";
			};
			name = Debug;
		};
		9282735A2879855B00529CCC /* Release */ = {
			isa = XCBuildConfiguration;
			buildSettings = {
				ASSETCATALOG_COMPILER_APPICON_NAME = AppIcon;
				ASSETCATALOG_COMPILER_GLOBAL_ACCENT_COLOR_NAME = AccentColor;
				CODE_SIGN_STYLE = Automatic;
				CURRENT_PROJECT_VERSION = 1;
				DEVELOPMENT_ASSET_PATHS = "\"Landmark/Preview Content\"";
				ENABLE_PREVIEWS = YES;
				GENERATE_INFOPLIST_FILE = YES;
				INFOPLIST_KEY_UIApplicationSceneManifest_Generation = YES;
				INFOPLIST_KEY_UIApplicationSupportsIndirectInputEvents = YES;
				INFOPLIST_KEY_UILaunchScreen_Generation = YES;
				INFOPLIST_KEY_UISupportedInterfaceOrientations_iPad = "UIInterfaceOrientationPortrait UIInterfaceOrientationPortraitUpsideDown UIInterfaceOrientationLandscapeLeft UIInterfaceOrientationLandscapeRight";
				INFOPLIST_KEY_UISupportedInterfaceOrientations_iPhone = "UIInterfaceOrientationPortrait UIInterfaceOrientationLandscapeLeft UIInterfaceOrientationLandscapeRight";
				LD_RUNPATH_SEARCH_PATHS = (
					"$(inherited)",
					"@executable_path/Frameworks",
				);
				MARKETING_VERSION = 1.0;
				PRODUCT_BUNDLE_IDENTIFIER = com.vikassurera.Landmark;
				PRODUCT_NAME = "$(TARGET_NAME)";
				SWIFT_EMIT_LOC_STRINGS = YES;
				SWIFT_VERSION = 5.0;
				TARGETED_DEVICE_FAMILY = "1,2";
			};
			name = Release;
		};
		9282735C2879855B00529CCC /* Debug */ = {
			isa = XCBuildConfiguration;
			buildSettings = {
				ALWAYS_EMBED_SWIFT_STANDARD_LIBRARIES = YES;
				BUNDLE_LOADER = "$(TEST_HOST)";
				CODE_SIGN_STYLE = Automatic;
				CURRENT_PROJECT_VERSION = 1;
				GENERATE_INFOPLIST_FILE = YES;
				IPHONEOS_DEPLOYMENT_TARGET = 15.5;
				MARKETING_VERSION = 1.0;
				PRODUCT_BUNDLE_IDENTIFIER = com.vikassurera.LandmarkTests;
				PRODUCT_NAME = "$(TARGET_NAME)";
				SWIFT_EMIT_LOC_STRINGS = NO;
				SWIFT_VERSION = 5.0;
				TARGETED_DEVICE_FAMILY = "1,2";
				TEST_HOST = "$(BUILT_PRODUCTS_DIR)/Landmark.app/Landmark";
			};
			name = Debug;
		};
		9282735D2879855B00529CCC /* Release */ = {
			isa = XCBuildConfiguration;
			buildSettings = {
				ALWAYS_EMBED_SWIFT_STANDARD_LIBRARIES = YES;
				BUNDLE_LOADER = "$(TEST_HOST)";
				CODE_SIGN_STYLE = Automatic;
				CURRENT_PROJECT_VERSION = 1;
				GENERATE_INFOPLIST_FILE = YES;
				IPHONEOS_DEPLOYMENT_TARGET = 15.5;
				MARKETING_VERSION = 1.0;
				PRODUCT_BUNDLE_IDENTIFIER = com.vikassurera.LandmarkTests;
				PRODUCT_NAME = "$(TARGET_NAME)";
				SWIFT_EMIT_LOC_STRINGS = NO;
				SWIFT_VERSION = 5.0;
				TARGETED_DEVICE_FAMILY = "1,2";
				TEST_HOST = "$(BUILT_PRODUCTS_DIR)/Landmark.app/Landmark";
			};
			name = Release;
		};
		9282735F2879855B00529CCC /* Debug */ = {
			isa = XCBuildConfiguration;
			buildSettings = {
				ALWAYS_EMBED_SWIFT_STANDARD_LIBRARIES = YES;
				CODE_SIGN_STYLE = Automatic;
				CURRENT_PROJECT_VERSION = 1;
				GENERATE_INFOPLIST_FILE = YES;
				MARKETING_VERSION = 1.0;
				PRODUCT_BUNDLE_IDENTIFIER = com.vikassurera.LandmarkUITests;
				PRODUCT_NAME = "$(TARGET_NAME)";
				SWIFT_EMIT_LOC_STRINGS = NO;
				SWIFT_VERSION = 5.0;
				TARGETED_DEVICE_FAMILY = "1,2";
				TEST_TARGET_NAME = Landmark;
			};
			name = Debug;
		};
		928273602879855B00529CCC /* Release */ = {
			isa = XCBuildConfiguration;
			buildSettings = {
				ALWAYS_EMBED_SWIFT_STANDARD_LIBRARIES = YES;
				CODE_SIGN_STYLE = Automatic;
				CURRENT_PROJECT_VERSION = 1;
				GENERATE_INFOPLIST_FILE = YES;
				MARKETING_VERSION = 1.0;
				PRODUCT_BUNDLE_IDENTIFIER = com.vikassurera.LandmarkUITests;
				PRODUCT_NAME = "$(TARGET_NAME)";
				SWIFT_EMIT_LOC_STRINGS = NO;
				SWIFT_VERSION = 5.0;
				TARGETED_DEVICE_FAMILY = "1,2";
				TEST_TARGET_NAME = Landmark;
			};
			name = Release;
		};
/* End XCBuildConfiguration section */

/* Begin XCConfigurationList section */
		9282732F2879855A00529CCC /* Build configuration list for PBXProject "Landmark" */ = {
			isa = XCConfigurationList;
			buildConfigurations = (
				928273562879855B00529CCC /* Debug */,
				928273572879855B00529CCC /* Release */,
			);
			defaultConfigurationIsVisible = 0;
			defaultConfigurationName = Release;
		};
		928273582879855B00529CCC /* Build configuration list for PBXNativeTarget "Landmark" */ = {
			isa = XCConfigurationList;
			buildConfigurations = (
				928273592879855B00529CCC /* Debug */,
				9282735A2879855B00529CCC /* Release */,
			);
			defaultConfigurationIsVisible = 0;
			defaultConfigurationName = Release;
		};
		9282735B2879855B00529CCC /* Build configuration list for PBXNativeTarget "LandmarkTests" */ = {
			isa = XCConfigurationList;
			buildConfigurations = (
				9282735C2879855B00529CCC /* Debug */,
				9282735D2879855B00529CCC /* Release */,
			);
			defaultConfigurationIsVisible = 0;
			defaultConfigurationName = Release;
		};
		9282735E2879855B00529CCC /* Build configuration list for PBXNativeTarget "LandmarkUITests" */ = {
			isa = XCConfigurationList;
			buildConfigurations = (
				9282735F2879855B00529CCC /* Debug */,
				928273602879855B00529CCC /* Release */,
			);
			defaultConfigurationIsVisible = 0;
			defaultConfigurationName = Release;
		};
/* End XCConfigurationList section */
	};
	rootObject = 9282732C2879855A00529CCC /* Project object */;
}
